
Microsoft Visual Studio Solution File, Format Version 12.00
# Visual Studio Version 17
VisualStudioVersion = 17.0.31903.59
MinimumVisualStudioVersion = 10.0.40219.1
Project("{FAE04EC0-301F-11D3-BF4B-00C04F79EFBC}") = "CourierPricing", "CourierPricing\CourierPricing.csproj", "{08ECA81F-7A81-4EE3-9F12-4607C622A078}"
EndProject
Project("{FAE04EC0-301F-11D3-BF4B-00C04F79EFBC}") = "CourierPricing.Tests", "CourierPricing.Tests\CourierPricing.Tests.csproj", "{18EDCEF7-E191-453F-B64D-2BA97F536B72}"
EndProject
Global
	GlobalSection(SolutionConfigurationPlatforms) = preSolution
		Debug|Any CPU = Debug|Any CPU
		Release|Any CPU = Release|Any CPU
	EndGlobalSection
	GlobalSection(SolutionProperties) = preSolution
		HideSolutionNode = FALSE
	EndGlobalSection
	GlobalSection(ProjectConfigurationPlatforms) = postSolution
		{08ECA81F-7A81-4EE3-9F12-4607C622A078}.Debug|Any CPU.ActiveCfg = Debug|Any CPU
		{08ECA81F-7A81-4EE3-9F12-4607C622A078}.Debug|Any CPU.Build.0 = Debug|Any CPU
		{08ECA81F-7A81-4EE3-9F12-4607C622A078}.Release|Any CPU.ActiveCfg = Release|Any CPU
		{08ECA81F-7A81-4EE3-9F12-4607C622A078}.Release|Any CPU.Build.0 = Release|Any CPU
		{18EDCEF7-E191-453F-B64D-2BA97F536B72}.Debug|Any CPU.ActiveCfg = Debug|Any CPU
		{18EDCEF7-E191-453F-B64D-2BA97F536B72}.Debug|Any CPU.Build.0 = Debug|Any CPU
		{18EDCEF7-E191-453F-B64D-2BA97F536B72}.Release|Any CPU.ActiveCfg = Release|Any CPU
		{18EDCEF7-E191-453F-B64D-2BA97F536B72}.Release|Any CPU.Build.0 = Release|Any CPU
	EndGlobalSection
EndGlobal
